
Microsoft Visual Studio Solution File, Format Version 12.00
Project("{FAE04EC0-301F-11D3-BF4B-00C04F79EFBC}") = "expr-automate-updates", "expr-automate-updates\expr-automate-updates.csproj", "{D0508853-86D6-4911-9BB4-DD9D5596F92E}"
EndProject
Global
	GlobalSection(SolutionConfigurationPlatforms) = preSolution
		Debug|Any CPU = Debug|Any CPU
		Release|Any CPU = Release|Any CPU
	EndGlobalSection
	GlobalSection(ProjectConfigurationPlatforms) = postSolution
		{D0508853-86D6-4911-9BB4-DD9D5596F92E}.Debug|Any CPU.ActiveCfg = Debug|Any CPU
		{D0508853-86D6-4911-9BB4-DD9D5596F92E}.Debug|Any CPU.Build.0 = Debug|Any CPU
		{D0508853-86D6-4911-9BB4-DD9D5596F92E}.Release|Any CPU.ActiveCfg = Release|Any CPU
		{D0508853-86D6-4911-9BB4-DD9D5596F92E}.Release|Any CPU.Build.0 = Release|Any CPU
	EndGlobalSection
EndGlobal
